<?xml version="1.0" encoding="utf-8"?>
<Project ToolsVersion="4.0" xmlns="http://schemas.microsoft.com/developer/msbuild/2003">
  <ItemGroup>
    <Filter Include="Source Files">
      <UniqueIdentifier>{4FC737F1-C7A5-4376-A066-2A32D752A2FF}</UniqueIdentifier>
      <Extensions>cpp;c;cc;cxx;c++;cppm;ixx;def;odl;idl;hpj;bat;asm;asmx</Extensions>
    </Filter>
    <Filter Include="Header Files">
      <UniqueIdentifier>{93995380-89BD-4b04-88EB-625FBE52EBFB}</UniqueIdentifier>
      <Extensions>h;hh;hpp;hxx;h++;hm;inl;inc;ipp;xsd</Extensions>
    </Filter>
    <Filter Include="Resource Files">
      <UniqueIdentifier>{67DA6AB6-F800-4c08-8B7A-83BB121AAD01}</UniqueIdentifier>
      <Extensions>rc;ico;cur;bmp;dlg;rc2;rct;bin;rgs;gif;jpg;jpeg;jpe;resx;tiff;tif;png;wav;mfcribbon-ms</Extensions>
    </Filter>
    <Filter Include="Source Files\Core">
      <UniqueIdentifier>{7ce6a2bd-9870-4c1e-ad2a-4c2666b670ac}</UniqueIdentifier>
    </Filter>
    <Filter Include="Source Files\Modules">
      <UniqueIdentifier>{174ddac6-362a-462a-9248-517485ad93f6}</UniqueIdentifier>
    </Filter>
    <Filter Include="Source Files\Renderer">
      <UniqueIdentifier>{17352bdc-7161-42a7-a0d9-3f7f7cc4c5d8}</UniqueIdentifier>
    </Filter>
  </ItemGroup>
  <ItemGroup>
    <ClCompile Include="DDSTextureLoader.cpp">
      <Filter>Source Files</Filter>
    </ClCompile>
    <ClCompile Include="DX11Device.cpp">
      <Filter>Source Files</Filter>
    </ClCompile>
    <ClCompile Include="DXResourcesConfig.cpp">
      <Filter>Source Files</Filter>
    </ClCompile>
    <ClCompile Include="GameEntity3D.cpp">
      <Filter>Source Files</Filter>
    </ClCompile>
    <ClCompile Include="Logger.cpp">
      <Filter>Source Files</Filter>
    </ClCompile>
    <ClCompile Include="PerlinNoise.cpp">
      <Filter>Source Files</Filter>
    </ClCompile>
    <ClCompile Include="PrimitiveGeometryFactory.cpp">
      <Filter>Source Files</Filter>
    </ClCompile>
    <ClCompile Include="Scene.cpp">
      <Filter>Source Files</Filter>
    </ClCompile>
    <ClCompile Include="ViewportWindow.cpp">
      <Filter>Source Files</Filter>
    </ClCompile>
    <ClCompile Include="World.cpp">
      <Filter>Source Files</Filter>
    </ClCompile>
    <ClCompile Include="TerrainGenerator.cpp">
      <Filter>Source Files</Filter>
    </ClCompile>
    <ClCompile Include="UIMessageQueue.cpp">
      <Filter>Source Files</Filter>
    </ClCompile>
    <ClCompile Include="RightSubwindow.cpp">
      <Filter>Source Files</Filter>
    </ClCompile>
    <ClCompile Include="Core\CoreClock.cpp">
      <Filter>Source Files\Core</Filter>
    </ClCompile>
    <ClCompile Include="KMEngine.cpp">
      <Filter>Source Files</Filter>
    </ClCompile>
    <ClCompile Include="Modules\UIModule.cpp">
      <Filter>Source Files\Modules</Filter>
    </ClCompile>
    <ClCompile Include="Renderer\Renderer.cpp">
      <Filter>Source Files\Renderer</Filter>
    </ClCompile>
    <ClCompile Include="Renderer\RendererDirectX11.cpp">
      <Filter>Source Files\Renderer</Filter>
    </ClCompile>
    <ClCompile Include="STB_Image_Impl.cpp">
      <Filter>Source Files</Filter>
    </ClCompile>
    <ClCompile Include="EntityBuilder.cpp">
      <Filter>Source Files</Filter>
    </ClCompile>
    <ClCompile Include="OpenGLDevice.cpp">
      <Filter>Source Files</Filter>
    </ClCompile>
    <ClCompile Include="OpenGLResource.cpp">
      <Filter>Source Files</Filter>
    </ClCompile>
    <ClCompile Include="GLTFImporter.cpp">
      <Filter>Source Files</Filter>
    </ClCompile>
  </ItemGroup>
  <ItemGroup>
    <ClInclude Include="Cube.h">
      <Filter>Source Files</Filter>
    </ClInclude>
    <ClInclude Include="CubeTerrainGenerator.h">
      <Filter>Source Files</Filter>
    </ClInclude>
    <ClInclude Include="DDSTextureLoader.h">
      <Filter>Source Files</Filter>
    </ClInclude>
    <ClInclude Include="DX11Device.h">
      <Filter>Source Files</Filter>
    </ClInclude>
    <ClInclude Include="DXResourcesConfig.h">
      <Filter>Source Files</Filter>
    </ClInclude>
    <ClInclude Include="GameEntity.h">
      <Filter>Source Files</Filter>
    </ClInclude>
    <ClInclude Include="GameEntity3D.h">
      <Filter>Source Files</Filter>
    </ClInclude>
    <ClInclude Include="Logger.h">
      <Filter>Source Files</Filter>
    </ClInclude>
    <ClInclude Include="PerlinNoise.h">
      <Filter>Source Files</Filter>
    </ClInclude>
    <ClInclude Include="PrimitiveGeometryFactory.h">
      <Filter>Source Files</Filter>
    </ClInclude>
    <ClInclude Include="Scene.h">
      <Filter>Source Files</Filter>
    </ClInclude>
    <ClInclude Include="ViewportWindow.h">
      <Filter>Source Files</Filter>
    </ClInclude>
    <ClInclude Include="EntityPhysicalMesh.h">
      <Filter>Source Files</Filter>
    </ClInclude>
    <ClInclude Include="SceneGraph.h">
      <Filter>Source Files</Filter>
    </ClInclude>
    <ClInclude Include="World.h">
      <Filter>Source Files</Filter>
    </ClInclude>
    <ClInclude Include="TerrainGenerator.h">
      <Filter>Source Files</Filter>
    </ClInclude>
    <ClInclude Include="Math.h">
      <Filter>Source Files</Filter>
    </ClInclude>
    <ClInclude Include="UIMessageQueue.h">
      <Filter>Source Files</Filter>
    </ClInclude>
    <ClInclude Include="RightSubwindow.h">
      <Filter>Source Files</Filter>
    </ClInclude>
    <ClInclude Include="GLTFImporter.h">
      <Filter>Source Files</Filter>
    </ClInclude>
    <ClInclude Include="Core\CoreClock.h">
      <Filter>Source Files\Core</Filter>
    </ClInclude>
    <ClInclude Include="Core\CoreEngine.h">
      <Filter>Source Files\Core</Filter>
    </ClInclude>
    <ClInclude Include="KMEngine.h">
      <Filter>Source Files</Filter>
    </ClInclude>
    <ClInclude Include="Modules\BaseModule.h">
      <Filter>Source Files\Modules</Filter>
    </ClInclude>
    <ClInclude Include="Modules\GraphicsModule.h">
      <Filter>Source Files\Modules</Filter>
    </ClInclude>
    <ClInclude Include="Modules\ModuleInitializer.h">
      <Filter>Source Files\Modules</Filter>
    </ClInclude>
    <ClInclude Include="Modules\PhysicsModule.h">
      <Filter>Source Files\Modules</Filter>
    </ClInclude>
    <ClInclude Include="Modules\UIModule.h">
      <Filter>Source Files\Modules</Filter>
    </ClInclude>
    <ClInclude Include="OpenGLDevice.h">
      <Filter>Source Files</Filter>
    </ClInclude>
    <ClInclude Include="Renderer\Renderer.h">
      <Filter>Source Files\Renderer</Filter>
    </ClInclude>
    <ClInclude Include="Renderer\RendererDirectX11.h">
      <Filter>Source Files\Renderer</Filter>
    </ClInclude>
    <ClInclude Include="Renderer\RendererOpenGL.h">
      <Filter>Source Files\Renderer</Filter>
    </ClInclude>
    <ClInclude Include="ShaderGenerator.h">
      <Filter>Source Files</Filter>
    </ClInclude>
    <ClInclude Include="EntityBuilder.h">
      <Filter>Source Files</Filter>
    </ClInclude>
    <ClInclude Include="OpenGLResource.h">
      <Filter>Source Files</Filter>
    </ClInclude>
    <ClInclude Include="resource.h">
      <Filter>Resource Files</Filter>
    </ClInclude>
    <ClInclude Include="Tree.h">
      <Filter>Source Files</Filter>
    </ClInclude>
  </ItemGroup>
  <ItemGroup>
    <None Include="solid_color.ps" />
    <None Include="solid_color.vs" />
    <None Include="texture.ps" />
    <None Include="texture.vs" />
    <None Include="TextureShader.fxh">
      <Filter>Source Files</Filter>
    </None>
    <None Include="FrustumShader.fxh">
      <Filter>Source Files</Filter>
    </None>
    <None Include="FrustumShader.ps">
      <Filter>Source Files</Filter>
    </None>
    <None Include="FrustumShader.vs">
      <Filter>Source Files</Filter>
    </None>
    <None Include="GizmoArrowShader.fxh" />
    <None Include="Engine.ini" />
    <None Include="Texture_GLSL.vs" />
    <None Include="Texture_GLSL.fs" />
    <None Include="Solid_GLSL.fs" />
    <None Include="Solid_GLSL.vs" />
    <None Include="Basic_Light.fs" />
    <None Include="Basic_Light_Emitter.vs" />
    <None Include="Basic_Light_Emitter.fs" />
    <None Include="Basic_Light.vs" />
    <None Include="Assets\3D_Objects\GLTF\rectangle_textured_skeletal_anim2.bin">
      <Filter>Resource Files</Filter>
    </None>
    <None Include="Assets\3D_Objects\GLTF\rectangle_textured_skeletal_anim2.gltf" />
    <None Include="Resources\Assets\3D_Objects\GLTF\Anim_Cartoon_Knight_Wave.bin">
      <Filter>Resource Files</Filter>
    </None>
    <None Include="Resources\Assets\3D_Objects\GLTF\Anim_Cartoon_Knight_Wave.gltf">
      <Filter>Resource Files</Filter>
    </None>
  </ItemGroup>
  <ItemGroup>
    <ResourceCompile Include="KMEngine.rc">
      <Filter>Resource Files</Filter>
    </ResourceCompile>
  </ItemGroup>
  <ItemGroup>
    <Image Include="UV_Color_Grid.dds">
      <Filter>Source Files</Filter>
    </Image>
    <Image Include="grey_grid.dds">
      <Filter>Source Files</Filter>
    </Image>
    <Image Include="tex_stickman.dds">
      <Filter>Source Files</Filter>
    </Image>
  </ItemGroup>
  <ItemGroup>
    <FxCompile Include="TextureShader_PS.hlsl">
      <Filter>Source Files</Filter>
    </FxCompile>
    <FxCompile Include="TextureShader_VS.hlsl">
      <Filter>Source Files</Filter>
    </FxCompile>
    <FxCompile Include="GizmoArrowShader_PS.hlsl" />
    <FxCompile Include="GizmoArrowShader_VS.hlsl" />
  </ItemGroup>
  <ItemGroup>
    <Text Include="Indices.txt" />
    <Text Include="Vertices.txt" />
    <Text Include="Todo.txt" />
  </ItemGroup>
</Project>